
Microsoft Visual Studio Solution File, Format Version 12.00
# Visual Studio Version 16
VisualStudioVersion = 16.0.29424.173
MinimumVisualStudioVersion = 10.0.40219.1
Project("{FAE04EC0-301F-11D3-BF4B-00C04F79EFBC}") = "TransportTycoon", "TransportTycoon\TransportTycoon.csproj", "{9B1B02C8-DED8-4D86-B4FB-51AC914538FF}"
EndProject
Global
	GlobalSection(SolutionConfigurationPlatforms) = preSolution
		Debug|Any CPU = Debug|Any CPU
		Release|Any CPU = Release|Any CPU
	EndGlobalSection
	GlobalSection(ProjectConfigurationPlatforms) = postSolution
		{9B1B02C8-DED8-4D86-B4FB-51AC914538FF}.Debug|Any CPU.ActiveCfg = Debug|Any CPU
		{9B1B02C8-DED8-4D86-B4FB-51AC914538FF}.Debug|Any CPU.Build.0 = Debug|Any CPU
		{9B1B02C8-DED8-4D86-B4FB-51AC914538FF}.Release|Any CPU.ActiveCfg = Release|Any CPU
		{9B1B02C8-DED8-4D86-B4FB-51AC914538FF}.Release|Any CPU.Build.0 = Release|Any CPU
	EndGlobalSection
	GlobalSection(SolutionProperties) = preSolution
		HideSolutionNode = FALSE
	EndGlobalSection
	GlobalSection(ExtensibilityGlobals) = postSolution
		SolutionGuid = {C45DA14B-E06A-45BA-95B8-498F33CD3941}
	EndGlobalSection
EndGlobal
